
Microsoft Visual Studio Solution File, Format Version 12.00
# Visual Studio Version 17
VisualStudioVersion = 17.8.34601.278
MinimumVisualStudioVersion = 10.0.40219.1
Project("{FAE04EC0-301F-11D3-BF4B-00C04F79EFBC}") = "Sistema_Financeiro", "Sistema_Financeiro\Sistema_Financeiro.csproj", "{8651F494-5EF3-4B1E-B1DA-C75445345FDC}"
EndProject
Global
	GlobalSection(SolutionConfigurationPlatforms) = preSolution
		Debug|Any CPU = Debug|Any CPU
		Release|Any CPU = Release|Any CPU
	EndGlobalSection
	GlobalSection(ProjectConfigurationPlatforms) = postSolution
		{8651F494-5EF3-4B1E-B1DA-C75445345FDC}.Debug|Any CPU.ActiveCfg = Debug|Any CPU
		{8651F494-5EF3-4B1E-B1DA-C75445345FDC}.Debug|Any CPU.Build.0 = Debug|Any CPU
		{8651F494-5EF3-4B1E-B1DA-C75445345FDC}.Release|Any CPU.ActiveCfg = Release|Any CPU
		{8651F494-5EF3-4B1E-B1DA-C75445345FDC}.Release|Any CPU.Build.0 = Release|Any CPU
	EndGlobalSection
	GlobalSection(SolutionProperties) = preSolution
		HideSolutionNode = FALSE
	EndGlobalSection
	GlobalSection(ExtensibilityGlobals) = postSolution
		SolutionGuid = {67EBDAA9-0CE3-4DF6-9A25-368D66E87C96}
	EndGlobalSection
EndGlobal
